
Microsoft Visual Studio Solution File, Format Version 11.00
# Visual Studio 2010
Project("{FAE04EC0-301F-11D3-BF4B-00C04F79EFBC}") = "Crowbar", "Crowbar\Crowbar.csproj", "{3C0FDDD4-9A22-490E-A3C6-2991124CE803}"
EndProject
Project("{2150E333-8FDC-42A3-9474-1A3956D46DE8}") = "Tests", "Tests", "{FF7E376C-1701-4B15-976B-F774778CE04B}"
EndProject
Project("{FAE04EC0-301F-11D3-BF4B-00C04F79EFBC}") = "Crowbar.Tests", "Crowbar.Tests\Crowbar.Tests.csproj", "{C69860BA-69B9-4B90-BDD1-417C856DF98A}"
EndProject
Project("{FAE04EC0-301F-11D3-BF4B-00C04F79EFBC}") = "Crowbar.Mvc3", "Crowbar.Mvc3\Crowbar.Mvc3.csproj", "{94B58915-40CC-41DF-B4AC-27653436C2EE}"
EndProject
Project("{FAE04EC0-301F-11D3-BF4B-00C04F79EFBC}") = "Crowbar.Mvc4", "Crowbar.Mvc4\Crowbar.Mvc4.csproj", "{ADEFD424-F5BA-4696-A9B5-AB6779704635}"
EndProject
Project("{FAE04EC0-301F-11D3-BF4B-00C04F79EFBC}") = "Crowbar.Mvc.Common", "Crowbar.Mvc.Common\Crowbar.Mvc.Common.csproj", "{8364FDA4-31CE-431A-A6D2-A0B085817309}"
EndProject
Project("{2150E333-8FDC-42A3-9474-1A3956D46DE8}") = "Samples", "Samples", "{0DBE009E-145D-41C7-8DAB-191ED19A87A6}"
EndProject
Project("{FAE04EC0-301F-11D3-BF4B-00C04F79EFBC}") = "Tool.Web", "Tool.Web\Tool.Web.csproj", "{1234385F-3316-4515-A7C6-47A3B9A6CA5E}"
EndProject
Project("{FAE04EC0-301F-11D3-BF4B-00C04F79EFBC}") = "Tool.Tests", "Tool.Tests\Tool.Tests.csproj", "{11029258-3A93-431B-A412-A8BF40FB1D8A}"
EndProject
Project("{FAE04EC0-301F-11D3-BF4B-00C04F79EFBC}") = "Raven.Tests", "Raven.Tests\Raven.Tests.csproj", "{73B0DF66-064A-4D42-A52A-0619EA88B400}"
EndProject
Project("{FAE04EC0-301F-11D3-BF4B-00C04F79EFBC}") = "Raven.Web", "Raven.Web\Raven.Web.csproj", "{31CAE8DA-C18D-4158-B8E0-6FCA100215F8}"
EndProject
Global
	GlobalSection(SolutionConfigurationPlatforms) = preSolution
		Debug|Any CPU = Debug|Any CPU
		Release|Any CPU = Release|Any CPU
	EndGlobalSection
	GlobalSection(ProjectConfigurationPlatforms) = postSolution
		{3C0FDDD4-9A22-490E-A3C6-2991124CE803}.Debug|Any CPU.ActiveCfg = Debug|Any CPU
		{3C0FDDD4-9A22-490E-A3C6-2991124CE803}.Debug|Any CPU.Build.0 = Debug|Any CPU
		{3C0FDDD4-9A22-490E-A3C6-2991124CE803}.Release|Any CPU.ActiveCfg = Release|Any CPU
		{3C0FDDD4-9A22-490E-A3C6-2991124CE803}.Release|Any CPU.Build.0 = Release|Any CPU
		{C69860BA-69B9-4B90-BDD1-417C856DF98A}.Debug|Any CPU.ActiveCfg = Debug|Any CPU
		{C69860BA-69B9-4B90-BDD1-417C856DF98A}.Debug|Any CPU.Build.0 = Debug|Any CPU
		{C69860BA-69B9-4B90-BDD1-417C856DF98A}.Release|Any CPU.ActiveCfg = Release|Any CPU
		{C69860BA-69B9-4B90-BDD1-417C856DF98A}.Release|Any CPU.Build.0 = Release|Any CPU
		{94B58915-40CC-41DF-B4AC-27653436C2EE}.Debug|Any CPU.ActiveCfg = Debug|Any CPU
		{94B58915-40CC-41DF-B4AC-27653436C2EE}.Debug|Any CPU.Build.0 = Debug|Any CPU
		{94B58915-40CC-41DF-B4AC-27653436C2EE}.Release|Any CPU.ActiveCfg = Release|Any CPU
		{94B58915-40CC-41DF-B4AC-27653436C2EE}.Release|Any CPU.Build.0 = Release|Any CPU
		{ADEFD424-F5BA-4696-A9B5-AB6779704635}.Debug|Any CPU.ActiveCfg = Debug|Any CPU
		{ADEFD424-F5BA-4696-A9B5-AB6779704635}.Debug|Any CPU.Build.0 = Debug|Any CPU
		{ADEFD424-F5BA-4696-A9B5-AB6779704635}.Release|Any CPU.ActiveCfg = Release|Any CPU
		{ADEFD424-F5BA-4696-A9B5-AB6779704635}.Release|Any CPU.Build.0 = Release|Any CPU
		{8364FDA4-31CE-431A-A6D2-A0B085817309}.Debug|Any CPU.ActiveCfg = Debug|Any CPU
		{8364FDA4-31CE-431A-A6D2-A0B085817309}.Debug|Any CPU.Build.0 = Debug|Any CPU
		{8364FDA4-31CE-431A-A6D2-A0B085817309}.Release|Any CPU.ActiveCfg = Release|Any CPU
		{8364FDA4-31CE-431A-A6D2-A0B085817309}.Release|Any CPU.Build.0 = Release|Any CPU
		{1234385F-3316-4515-A7C6-47A3B9A6CA5E}.Debug|Any CPU.ActiveCfg = Debug|Any CPU
		{1234385F-3316-4515-A7C6-47A3B9A6CA5E}.Debug|Any CPU.Build.0 = Debug|Any CPU
		{1234385F-3316-4515-A7C6-47A3B9A6CA5E}.Release|Any CPU.ActiveCfg = Release|Any CPU
		{1234385F-3316-4515-A7C6-47A3B9A6CA5E}.Release|Any CPU.Build.0 = Release|Any CPU
		{11029258-3A93-431B-A412-A8BF40FB1D8A}.Debug|Any CPU.ActiveCfg = Debug|Any CPU
		{11029258-3A93-431B-A412-A8BF40FB1D8A}.Debug|Any CPU.Build.0 = Debug|Any CPU
		{11029258-3A93-431B-A412-A8BF40FB1D8A}.Release|Any CPU.ActiveCfg = Release|Any CPU
		{11029258-3A93-431B-A412-A8BF40FB1D8A}.Release|Any CPU.Build.0 = Release|Any CPU
		{73B0DF66-064A-4D42-A52A-0619EA88B400}.Debug|Any CPU.ActiveCfg = Debug|Any CPU
		{73B0DF66-064A-4D42-A52A-0619EA88B400}.Debug|Any CPU.Build.0 = Debug|Any CPU
		{73B0DF66-064A-4D42-A52A-0619EA88B400}.Release|Any CPU.ActiveCfg = Release|Any CPU
		{73B0DF66-064A-4D42-A52A-0619EA88B400}.Release|Any CPU.Build.0 = Release|Any CPU
		{31CAE8DA-C18D-4158-B8E0-6FCA100215F8}.Debug|Any CPU.ActiveCfg = Debug|Any CPU
		{31CAE8DA-C18D-4158-B8E0-6FCA100215F8}.Debug|Any CPU.Build.0 = Debug|Any CPU
		{31CAE8DA-C18D-4158-B8E0-6FCA100215F8}.Release|Any CPU.ActiveCfg = Release|Any CPU
		{31CAE8DA-C18D-4158-B8E0-6FCA100215F8}.Release|Any CPU.Build.0 = Release|Any CPU
	EndGlobalSection
	GlobalSection(SolutionProperties) = preSolution
		HideSolutionNode = FALSE
	EndGlobalSection
	GlobalSection(NestedProjects) = preSolution
		{C69860BA-69B9-4B90-BDD1-417C856DF98A} = {FF7E376C-1701-4B15-976B-F774778CE04B}
		{94B58915-40CC-41DF-B4AC-27653436C2EE} = {FF7E376C-1701-4B15-976B-F774778CE04B}
		{ADEFD424-F5BA-4696-A9B5-AB6779704635} = {FF7E376C-1701-4B15-976B-F774778CE04B}
		{8364FDA4-31CE-431A-A6D2-A0B085817309} = {FF7E376C-1701-4B15-976B-F774778CE04B}
		{1234385F-3316-4515-A7C6-47A3B9A6CA5E} = {0DBE009E-145D-41C7-8DAB-191ED19A87A6}
		{11029258-3A93-431B-A412-A8BF40FB1D8A} = {0DBE009E-145D-41C7-8DAB-191ED19A87A6}
		{73B0DF66-064A-4D42-A52A-0619EA88B400} = {0DBE009E-145D-41C7-8DAB-191ED19A87A6}
		{31CAE8DA-C18D-4158-B8E0-6FCA100215F8} = {0DBE009E-145D-41C7-8DAB-191ED19A87A6}
	EndGlobalSection
EndGlobal
